
Microsoft Visual Studio Solution File, Format Version 12.00
# Visual Studio Version 16
VisualStudioVersion = 16.0.29806.167
MinimumVisualStudioVersion = 10.0.40219.1
Project("{FAE04EC0-301F-11D3-BF4B-00C04F79EFBC}") = "MyAnnotationCopy", "MyAnnotationCopy.csproj", "{028F03A6-7509-49B1-9DDF-4C5DBB5B3811}"
EndProject
Project("{FAE04EC0-301F-11D3-BF4B-00C04F79EFBC}") = "OsnCsLib.WPFComponent", "..\..\OsnCsLib\WPFComponent\OsnCsLib.WPFComponent.csproj", "{5483100C-AE23-4081-BF76-ED148E30FE1C}"
EndProject
Global
	GlobalSection(SolutionConfigurationPlatforms) = preSolution
		Debug|Any CPU = Debug|Any CPU
		Release|Any CPU = Release|Any CPU
	EndGlobalSection
	GlobalSection(ProjectConfigurationPlatforms) = postSolution
		{028F03A6-7509-49B1-9DDF-4C5DBB5B3811}.Debug|Any CPU.ActiveCfg = Debug|Any CPU
		{028F03A6-7509-49B1-9DDF-4C5DBB5B3811}.Debug|Any CPU.Build.0 = Debug|Any CPU
		{028F03A6-7509-49B1-9DDF-4C5DBB5B3811}.Release|Any CPU.ActiveCfg = Release|Any CPU
		{028F03A6-7509-49B1-9DDF-4C5DBB5B3811}.Release|Any CPU.Build.0 = Release|Any CPU
		{5483100C-AE23-4081-BF76-ED148E30FE1C}.Debug|Any CPU.ActiveCfg = Debug|Any CPU
		{5483100C-AE23-4081-BF76-ED148E30FE1C}.Debug|Any CPU.Build.0 = Debug|Any CPU
		{5483100C-AE23-4081-BF76-ED148E30FE1C}.Release|Any CPU.ActiveCfg = Release|Any CPU
		{5483100C-AE23-4081-BF76-ED148E30FE1C}.Release|Any CPU.Build.0 = Release|Any CPU
	EndGlobalSection
	GlobalSection(SolutionProperties) = preSolution
		HideSolutionNode = FALSE
	EndGlobalSection
	GlobalSection(ExtensibilityGlobals) = postSolution
		SolutionGuid = {3DAD6060-9E74-47CC-934A-399BB602B5FA}
	EndGlobalSection
EndGlobal
